
Microsoft Visual Studio Solution File, Format Version 12.00
# Visual Studio Version 16
VisualStudioVersion = 16.0.30413.136
MinimumVisualStudioVersion = 10.0.40219.1
Project("{888888A0-9F3D-457C-B088-3A5042F75D52}") = "airline", "airline\airline.pyproj", "{01D4F30F-DA19-4767-ACA4-3BAA03F3394E}"
EndProject
Global
	GlobalSection(SolutionConfigurationPlatforms) = preSolution
		Debug|Any CPU = Debug|Any CPU
		Release|Any CPU = Release|Any CPU
	EndGlobalSection
	GlobalSection(ProjectConfigurationPlatforms) = postSolution
		{01D4F30F-DA19-4767-ACA4-3BAA03F3394E}.Debug|Any CPU.ActiveCfg = Debug|Any CPU
		{01D4F30F-DA19-4767-ACA4-3BAA03F3394E}.Debug|Any CPU.Build.0 = Debug|Any CPU
		{01D4F30F-DA19-4767-ACA4-3BAA03F3394E}.Release|Any CPU.ActiveCfg = Release|Any CPU
		{01D4F30F-DA19-4767-ACA4-3BAA03F3394E}.Release|Any CPU.Build.0 = Release|Any CPU
	EndGlobalSection
	GlobalSection(SolutionProperties) = preSolution
		HideSolutionNode = FALSE
	EndGlobalSection
	GlobalSection(ExtensibilityGlobals) = postSolution
		SolutionGuid = {0C9E3E60-F368-41C9-A269-41C5E10FF893}
	EndGlobalSection
EndGlobal
